
Microsoft Visual Studio Solution File, Format Version 12.00
# Visual Studio Version 17
VisualStudioVersion = 17.2.32526.322
MinimumVisualStudioVersion = 10.0.40219.1
Project("{9A19103F-16F7-4668-BE54-9A1E7A4F7556}") = "AventusSharpTest", "AventusSharpTest\AventusSharpTest.csproj", "{627A9028-E1B0-4B43-ACED-9477A307D5E0}"
EndProject
Project("{FAE04EC0-301F-11D3-BF4B-00C04F79EFBC}") = "CSharpToTypescript", "CSharpToTypescript\CSharpToTypescript.csproj", "{D3560400-7867-4F05-87C7-5F153F9AD3CC}"
EndProject
Project("{FAE04EC0-301F-11D3-BF4B-00C04F79EFBC}") = "AventusSharp.Core", "AventusSharp.Core\AventusSharp.Core.csproj", "{48FC14B5-6EA5-4108-8D8D-1A2A82CCA757}"
EndProject
Project("{FAE04EC0-301F-11D3-BF4B-00C04F79EFBC}") = "AventusSharp.AspNetCore", "AventusSharp.AspNetCore\AventusSharp.AspNetCore.csproj", "{B9EC6199-1DC4-421A-9DCE-FD4E021EFD69}"
EndProject
Project("{FAE04EC0-301F-11D3-BF4B-00C04F79EFBC}") = "AventusSharp.Maui", "AventusSharp.Maui\AventusSharp.Maui.csproj", "{79776DB7-D76E-4108-BF43-610DF646057D}"
EndProject
Project("{FAE04EC0-301F-11D3-BF4B-00C04F79EFBC}") = "AventusSharp.Maui.AndroidSmoke", "AventusSharp.Maui.AndroidSmoke\AventusSharp.Maui.AndroidSmoke.csproj", "{96B3A776-E3FC-4A69-BF88-81E3798CA0AB}"
EndProject
Project("{FAE04EC0-301F-11D3-BF4B-00C04F79EFBC}") = "AventusSharp.Data", "AventusSharp.Data\AventusSharp.Data.csproj", "{0FF67674-552C-46D4-993D-D5A25ED31D94}"
EndProject
Project("{FAE04EC0-301F-11D3-BF4B-00C04F79EFBC}") = "AventusSharp.Data.Sqlite", "AventusSharp.Data.Sqlite\AventusSharp.Data.Sqlite.csproj", "{40C11653-D2A0-4FBE-8472-B5B93D5CF179}"
EndProject
Project("{FAE04EC0-301F-11D3-BF4B-00C04F79EFBC}") = "AventusSharp.Data.PortableTest", "AventusSharp.Data.PortableTest\AventusSharp.Data.PortableTest.csproj", "{3871541A-78A0-40EF-913B-952B2B17346A}"
EndProject
Project("{FAE04EC0-301F-11D3-BF4B-00C04F79EFBC}") = "AventusSharp.Data.Mysql", "AventusSharp.Data.Mysql\AventusSharp.Data.Mysql.csproj", "{BEC1652D-0875-4299-B0D4-10CAC85C25B4}"
EndProject
Project("{FAE04EC0-301F-11D3-BF4B-00C04F79EFBC}") = "AventusSharp.Data.Postgresql", "AventusSharp.Data.Postgresql\AventusSharp.Data.Postgresql.csproj", "{71DC471C-F39F-4F87-9196-08D67EB075BF}"
EndProject
Project("{FAE04EC0-301F-11D3-BF4B-00C04F79EFBC}") = "AventusSharp.Data.Mssql", "AventusSharp.Data.Mssql\AventusSharp.Data.Mssql.csproj", "{21F77E0C-AD31-493D-90E6-F95B8554B792}"
EndProject
Project("{FAE04EC0-301F-11D3-BF4B-00C04F79EFBC}") = "AventusSharp.Runtime", "AventusSharp.Runtime\AventusSharp.Runtime.csproj", "{F4C445FD-EFDF-4403-AFE1-35F9ADE49EB1}"
EndProject
Global
	GlobalSection(SolutionConfigurationPlatforms) = preSolution
		Debug|Any CPU = Debug|Any CPU
		Debug|x64 = Debug|x64
		Debug|x86 = Debug|x86
		Release|Any CPU = Release|Any CPU
		Release|x64 = Release|x64
		Release|x86 = Release|x86
	EndGlobalSection
	GlobalSection(ProjectConfigurationPlatforms) = postSolution
		{627A9028-E1B0-4B43-ACED-9477A307D5E0}.Debug|Any CPU.ActiveCfg = Debug|Any CPU
		{627A9028-E1B0-4B43-ACED-9477A307D5E0}.Debug|Any CPU.Build.0 = Debug|Any CPU
		{627A9028-E1B0-4B43-ACED-9477A307D5E0}.Debug|x64.ActiveCfg = Debug|Any CPU
		{627A9028-E1B0-4B43-ACED-9477A307D5E0}.Debug|x64.Build.0 = Debug|Any CPU
		{627A9028-E1B0-4B43-ACED-9477A307D5E0}.Debug|x86.ActiveCfg = Debug|Any CPU
		{627A9028-E1B0-4B43-ACED-9477A307D5E0}.Debug|x86.Build.0 = Debug|Any CPU
		{627A9028-E1B0-4B43-ACED-9477A307D5E0}.Release|Any CPU.ActiveCfg = Release|Any CPU
		{627A9028-E1B0-4B43-ACED-9477A307D5E0}.Release|Any CPU.Build.0 = Release|Any CPU
		{627A9028-E1B0-4B43-ACED-9477A307D5E0}.Release|x64.ActiveCfg = Release|Any CPU
		{627A9028-E1B0-4B43-ACED-9477A307D5E0}.Release|x64.Build.0 = Release|Any CPU
		{627A9028-E1B0-4B43-ACED-9477A307D5E0}.Release|x86.ActiveCfg = Release|Any CPU
		{627A9028-E1B0-4B43-ACED-9477A307D5E0}.Release|x86.Build.0 = Release|Any CPU
		{D3560400-7867-4F05-87C7-5F153F9AD3CC}.Debug|Any CPU.ActiveCfg = Debug|Any CPU
		{D3560400-7867-4F05-87C7-5F153F9AD3CC}.Debug|Any CPU.Build.0 = Debug|Any CPU
		{D3560400-7867-4F05-87C7-5F153F9AD3CC}.Debug|x64.ActiveCfg = Debug|Any CPU
		{D3560400-7867-4F05-87C7-5F153F9AD3CC}.Debug|x64.Build.0 = Debug|Any CPU
		{D3560400-7867-4F05-87C7-5F153F9AD3CC}.Debug|x86.ActiveCfg = Debug|Any CPU
		{D3560400-7867-4F05-87C7-5F153F9AD3CC}.Debug|x86.Build.0 = Debug|Any CPU
		{D3560400-7867-4F05-87C7-5F153F9AD3CC}.Release|Any CPU.ActiveCfg = Release|Any CPU
		{D3560400-7867-4F05-87C7-5F153F9AD3CC}.Release|Any CPU.Build.0 = Release|Any CPU
		{D3560400-7867-4F05-87C7-5F153F9AD3CC}.Release|x64.ActiveCfg = Release|Any CPU
		{D3560400-7867-4F05-87C7-5F153F9AD3CC}.Release|x64.Build.0 = Release|Any CPU
		{D3560400-7867-4F05-87C7-5F153F9AD3CC}.Release|x86.ActiveCfg = Release|Any CPU
		{D3560400-7867-4F05-87C7-5F153F9AD3CC}.Release|x86.Build.0 = Release|Any CPU
		{48FC14B5-6EA5-4108-8D8D-1A2A82CCA757}.Debug|Any CPU.ActiveCfg = Debug|Any CPU
		{48FC14B5-6EA5-4108-8D8D-1A2A82CCA757}.Debug|Any CPU.Build.0 = Debug|Any CPU
		{48FC14B5-6EA5-4108-8D8D-1A2A82CCA757}.Debug|x64.ActiveCfg = Debug|Any CPU
		{48FC14B5-6EA5-4108-8D8D-1A2A82CCA757}.Debug|x64.Build.0 = Debug|Any CPU
		{48FC14B5-6EA5-4108-8D8D-1A2A82CCA757}.Debug|x86.ActiveCfg = Debug|Any CPU
		{48FC14B5-6EA5-4108-8D8D-1A2A82CCA757}.Debug|x86.Build.0 = Debug|Any CPU
		{48FC14B5-6EA5-4108-8D8D-1A2A82CCA757}.Release|Any CPU.ActiveCfg = Release|Any CPU
		{48FC14B5-6EA5-4108-8D8D-1A2A82CCA757}.Release|Any CPU.Build.0 = Release|Any CPU
		{48FC14B5-6EA5-4108-8D8D-1A2A82CCA757}.Release|x64.ActiveCfg = Release|Any CPU
		{48FC14B5-6EA5-4108-8D8D-1A2A82CCA757}.Release|x64.Build.0 = Release|Any CPU
		{48FC14B5-6EA5-4108-8D8D-1A2A82CCA757}.Release|x86.ActiveCfg = Release|Any CPU
		{48FC14B5-6EA5-4108-8D8D-1A2A82CCA757}.Release|x86.Build.0 = Release|Any CPU
		{B9EC6199-1DC4-421A-9DCE-FD4E021EFD69}.Debug|Any CPU.ActiveCfg = Debug|Any CPU
		{B9EC6199-1DC4-421A-9DCE-FD4E021EFD69}.Debug|Any CPU.Build.0 = Debug|Any CPU
		{B9EC6199-1DC4-421A-9DCE-FD4E021EFD69}.Debug|x64.ActiveCfg = Debug|Any CPU
		{B9EC6199-1DC4-421A-9DCE-FD4E021EFD69}.Debug|x64.Build.0 = Debug|Any CPU
		{B9EC6199-1DC4-421A-9DCE-FD4E021EFD69}.Debug|x86.ActiveCfg = Debug|Any CPU
		{B9EC6199-1DC4-421A-9DCE-FD4E021EFD69}.Debug|x86.Build.0 = Debug|Any CPU
		{B9EC6199-1DC4-421A-9DCE-FD4E021EFD69}.Release|Any CPU.ActiveCfg = Release|Any CPU
		{B9EC6199-1DC4-421A-9DCE-FD4E021EFD69}.Release|Any CPU.Build.0 = Release|Any CPU
		{B9EC6199-1DC4-421A-9DCE-FD4E021EFD69}.Release|x64.ActiveCfg = Release|Any CPU
		{B9EC6199-1DC4-421A-9DCE-FD4E021EFD69}.Release|x64.Build.0 = Release|Any CPU
		{B9EC6199-1DC4-421A-9DCE-FD4E021EFD69}.Release|x86.ActiveCfg = Release|Any CPU
		{B9EC6199-1DC4-421A-9DCE-FD4E021EFD69}.Release|x86.Build.0 = Release|Any CPU
		{79776DB7-D76E-4108-BF43-610DF646057D}.Debug|Any CPU.ActiveCfg = Debug|Any CPU
		{79776DB7-D76E-4108-BF43-610DF646057D}.Debug|Any CPU.Build.0 = Debug|Any CPU
		{79776DB7-D76E-4108-BF43-610DF646057D}.Debug|x64.ActiveCfg = Debug|Any CPU
		{79776DB7-D76E-4108-BF43-610DF646057D}.Debug|x64.Build.0 = Debug|Any CPU
		{79776DB7-D76E-4108-BF43-610DF646057D}.Debug|x86.ActiveCfg = Debug|Any CPU
		{79776DB7-D76E-4108-BF43-610DF646057D}.Debug|x86.Build.0 = Debug|Any CPU
		{79776DB7-D76E-4108-BF43-610DF646057D}.Release|Any CPU.ActiveCfg = Release|Any CPU
		{79776DB7-D76E-4108-BF43-610DF646057D}.Release|Any CPU.Build.0 = Release|Any CPU
		{79776DB7-D76E-4108-BF43-610DF646057D}.Release|x64.ActiveCfg = Release|Any CPU
		{79776DB7-D76E-4108-BF43-610DF646057D}.Release|x64.Build.0 = Release|Any CPU
		{79776DB7-D76E-4108-BF43-610DF646057D}.Release|x86.ActiveCfg = Release|Any CPU
		{79776DB7-D76E-4108-BF43-610DF646057D}.Release|x86.Build.0 = Release|Any CPU
		{96B3A776-E3FC-4A69-BF88-81E3798CA0AB}.Debug|Any CPU.ActiveCfg = Debug|Any CPU
		{96B3A776-E3FC-4A69-BF88-81E3798CA0AB}.Debug|Any CPU.Build.0 = Debug|Any CPU
		{96B3A776-E3FC-4A69-BF88-81E3798CA0AB}.Debug|x64.ActiveCfg = Debug|Any CPU
		{96B3A776-E3FC-4A69-BF88-81E3798CA0AB}.Debug|x64.Build.0 = Debug|Any CPU
		{96B3A776-E3FC-4A69-BF88-81E3798CA0AB}.Debug|x86.ActiveCfg = Debug|Any CPU
		{96B3A776-E3FC-4A69-BF88-81E3798CA0AB}.Debug|x86.Build.0 = Debug|Any CPU
		{96B3A776-E3FC-4A69-BF88-81E3798CA0AB}.Release|Any CPU.ActiveCfg = Release|Any CPU
		{96B3A776-E3FC-4A69-BF88-81E3798CA0AB}.Release|Any CPU.Build.0 = Release|Any CPU
		{96B3A776-E3FC-4A69-BF88-81E3798CA0AB}.Release|x64.ActiveCfg = Release|Any CPU
		{96B3A776-E3FC-4A69-BF88-81E3798CA0AB}.Release|x64.Build.0 = Release|Any CPU
		{96B3A776-E3FC-4A69-BF88-81E3798CA0AB}.Release|x86.ActiveCfg = Release|Any CPU
		{96B3A776-E3FC-4A69-BF88-81E3798CA0AB}.Release|x86.Build.0 = Release|Any CPU
		{0FF67674-552C-46D4-993D-D5A25ED31D94}.Debug|Any CPU.ActiveCfg = Debug|Any CPU
		{0FF67674-552C-46D4-993D-D5A25ED31D94}.Debug|Any CPU.Build.0 = Debug|Any CPU
		{0FF67674-552C-46D4-993D-D5A25ED31D94}.Debug|x64.ActiveCfg = Debug|Any CPU
		{0FF67674-552C-46D4-993D-D5A25ED31D94}.Debug|x64.Build.0 = Debug|Any CPU
		{0FF67674-552C-46D4-993D-D5A25ED31D94}.Debug|x86.ActiveCfg = Debug|Any CPU
		{0FF67674-552C-46D4-993D-D5A25ED31D94}.Debug|x86.Build.0 = Debug|Any CPU
		{0FF67674-552C-46D4-993D-D5A25ED31D94}.Release|Any CPU.ActiveCfg = Release|Any CPU
		{0FF67674-552C-46D4-993D-D5A25ED31D94}.Release|Any CPU.Build.0 = Release|Any CPU
		{0FF67674-552C-46D4-993D-D5A25ED31D94}.Release|x64.ActiveCfg = Release|Any CPU
		{0FF67674-552C-46D4-993D-D5A25ED31D94}.Release|x64.Build.0 = Release|Any CPU
		{0FF67674-552C-46D4-993D-D5A25ED31D94}.Release|x86.ActiveCfg = Release|Any CPU
		{0FF67674-552C-46D4-993D-D5A25ED31D94}.Release|x86.Build.0 = Release|Any CPU
		{40C11653-D2A0-4FBE-8472-B5B93D5CF179}.Debug|Any CPU.ActiveCfg = Debug|Any CPU
		{40C11653-D2A0-4FBE-8472-B5B93D5CF179}.Debug|Any CPU.Build.0 = Debug|Any CPU
		{40C11653-D2A0-4FBE-8472-B5B93D5CF179}.Debug|x64.ActiveCfg = Debug|Any CPU
		{40C11653-D2A0-4FBE-8472-B5B93D5CF179}.Debug|x64.Build.0 = Debug|Any CPU
		{40C11653-D2A0-4FBE-8472-B5B93D5CF179}.Debug|x86.ActiveCfg = Debug|Any CPU
		{40C11653-D2A0-4FBE-8472-B5B93D5CF179}.Debug|x86.Build.0 = Debug|Any CPU
		{40C11653-D2A0-4FBE-8472-B5B93D5CF179}.Release|Any CPU.ActiveCfg = Release|Any CPU
		{40C11653-D2A0-4FBE-8472-B5B93D5CF179}.Release|Any CPU.Build.0 = Release|Any CPU
		{40C11653-D2A0-4FBE-8472-B5B93D5CF179}.Release|x64.ActiveCfg = Release|Any CPU
		{40C11653-D2A0-4FBE-8472-B5B93D5CF179}.Release|x64.Build.0 = Release|Any CPU
		{40C11653-D2A0-4FBE-8472-B5B93D5CF179}.Release|x86.ActiveCfg = Release|Any CPU
		{40C11653-D2A0-4FBE-8472-B5B93D5CF179}.Release|x86.Build.0 = Release|Any CPU
		{3871541A-78A0-40EF-913B-952B2B17346A}.Debug|Any CPU.ActiveCfg = Debug|Any CPU
		{3871541A-78A0-40EF-913B-952B2B17346A}.Debug|Any CPU.Build.0 = Debug|Any CPU
		{3871541A-78A0-40EF-913B-952B2B17346A}.Debug|x64.ActiveCfg = Debug|Any CPU
		{3871541A-78A0-40EF-913B-952B2B17346A}.Debug|x64.Build.0 = Debug|Any CPU
		{3871541A-78A0-40EF-913B-952B2B17346A}.Debug|x86.ActiveCfg = Debug|Any CPU
		{3871541A-78A0-40EF-913B-952B2B17346A}.Debug|x86.Build.0 = Debug|Any CPU
		{3871541A-78A0-40EF-913B-952B2B17346A}.Release|Any CPU.ActiveCfg = Release|Any CPU
		{3871541A-78A0-40EF-913B-952B2B17346A}.Release|Any CPU.Build.0 = Release|Any CPU
		{3871541A-78A0-40EF-913B-952B2B17346A}.Release|x64.ActiveCfg = Release|Any CPU
		{3871541A-78A0-40EF-913B-952B2B17346A}.Release|x64.Build.0 = Release|Any CPU
		{3871541A-78A0-40EF-913B-952B2B17346A}.Release|x86.ActiveCfg = Release|Any CPU
		{3871541A-78A0-40EF-913B-952B2B17346A}.Release|x86.Build.0 = Release|Any CPU
		{BEC1652D-0875-4299-B0D4-10CAC85C25B4}.Debug|Any CPU.ActiveCfg = Debug|Any CPU
		{BEC1652D-0875-4299-B0D4-10CAC85C25B4}.Debug|Any CPU.Build.0 = Debug|Any CPU
		{BEC1652D-0875-4299-B0D4-10CAC85C25B4}.Debug|x64.ActiveCfg = Debug|Any CPU
		{BEC1652D-0875-4299-B0D4-10CAC85C25B4}.Debug|x64.Build.0 = Debug|Any CPU
		{BEC1652D-0875-4299-B0D4-10CAC85C25B4}.Debug|x86.ActiveCfg = Debug|Any CPU
		{BEC1652D-0875-4299-B0D4-10CAC85C25B4}.Debug|x86.Build.0 = Debug|Any CPU
		{BEC1652D-0875-4299-B0D4-10CAC85C25B4}.Release|Any CPU.ActiveCfg = Release|Any CPU
		{BEC1652D-0875-4299-B0D4-10CAC85C25B4}.Release|Any CPU.Build.0 = Release|Any CPU
		{BEC1652D-0875-4299-B0D4-10CAC85C25B4}.Release|x64.ActiveCfg = Release|Any CPU
		{BEC1652D-0875-4299-B0D4-10CAC85C25B4}.Release|x64.Build.0 = Release|Any CPU
		{BEC1652D-0875-4299-B0D4-10CAC85C25B4}.Release|x86.ActiveCfg = Release|Any CPU
		{BEC1652D-0875-4299-B0D4-10CAC85C25B4}.Release|x86.Build.0 = Release|Any CPU
		{71DC471C-F39F-4F87-9196-08D67EB075BF}.Debug|Any CPU.ActiveCfg = Debug|Any CPU
		{71DC471C-F39F-4F87-9196-08D67EB075BF}.Debug|Any CPU.Build.0 = Debug|Any CPU
		{71DC471C-F39F-4F87-9196-08D67EB075BF}.Debug|x64.ActiveCfg = Debug|Any CPU
		{71DC471C-F39F-4F87-9196-08D67EB075BF}.Debug|x64.Build.0 = Debug|Any CPU
		{71DC471C-F39F-4F87-9196-08D67EB075BF}.Debug|x86.ActiveCfg = Debug|Any CPU
		{71DC471C-F39F-4F87-9196-08D67EB075BF}.Debug|x86.Build.0 = Debug|Any CPU
		{71DC471C-F39F-4F87-9196-08D67EB075BF}.Release|Any CPU.ActiveCfg = Release|Any CPU
		{71DC471C-F39F-4F87-9196-08D67EB075BF}.Release|Any CPU.Build.0 = Release|Any CPU
		{71DC471C-F39F-4F87-9196-08D67EB075BF}.Release|x64.ActiveCfg = Release|Any CPU
		{71DC471C-F39F-4F87-9196-08D67EB075BF}.Release|x64.Build.0 = Release|Any CPU
		{71DC471C-F39F-4F87-9196-08D67EB075BF}.Release|x86.ActiveCfg = Release|Any CPU
		{71DC471C-F39F-4F87-9196-08D67EB075BF}.Release|x86.Build.0 = Release|Any CPU
		{21F77E0C-AD31-493D-90E6-F95B8554B792}.Debug|Any CPU.ActiveCfg = Debug|Any CPU
		{21F77E0C-AD31-493D-90E6-F95B8554B792}.Debug|Any CPU.Build.0 = Debug|Any CPU
		{21F77E0C-AD31-493D-90E6-F95B8554B792}.Debug|x64.ActiveCfg = Debug|Any CPU
		{21F77E0C-AD31-493D-90E6-F95B8554B792}.Debug|x64.Build.0 = Debug|Any CPU
		{21F77E0C-AD31-493D-90E6-F95B8554B792}.Debug|x86.ActiveCfg = Debug|Any CPU
		{21F77E0C-AD31-493D-90E6-F95B8554B792}.Debug|x86.Build.0 = Debug|Any CPU
		{21F77E0C-AD31-493D-90E6-F95B8554B792}.Release|Any CPU.ActiveCfg = Release|Any CPU
		{21F77E0C-AD31-493D-90E6-F95B8554B792}.Release|Any CPU.Build.0 = Release|Any CPU
		{21F77E0C-AD31-493D-90E6-F95B8554B792}.Release|x64.ActiveCfg = Release|Any CPU
		{21F77E0C-AD31-493D-90E6-F95B8554B792}.Release|x64.Build.0 = Release|Any CPU
		{21F77E0C-AD31-493D-90E6-F95B8554B792}.Release|x86.ActiveCfg = Release|Any CPU
		{21F77E0C-AD31-493D-90E6-F95B8554B792}.Release|x86.Build.0 = Release|Any CPU
		{F4C445FD-EFDF-4403-AFE1-35F9ADE49EB1}.Debug|Any CPU.ActiveCfg = Debug|Any CPU
		{F4C445FD-EFDF-4403-AFE1-35F9ADE49EB1}.Debug|Any CPU.Build.0 = Debug|Any CPU
		{F4C445FD-EFDF-4403-AFE1-35F9ADE49EB1}.Debug|x64.ActiveCfg = Debug|Any CPU
		{F4C445FD-EFDF-4403-AFE1-35F9ADE49EB1}.Debug|x64.Build.0 = Debug|Any CPU
		{F4C445FD-EFDF-4403-AFE1-35F9ADE49EB1}.Debug|x86.ActiveCfg = Debug|Any CPU
		{F4C445FD-EFDF-4403-AFE1-35F9ADE49EB1}.Debug|x86.Build.0 = Debug|Any CPU
		{F4C445FD-EFDF-4403-AFE1-35F9ADE49EB1}.Release|Any CPU.ActiveCfg = Release|Any CPU
		{F4C445FD-EFDF-4403-AFE1-35F9ADE49EB1}.Release|Any CPU.Build.0 = Release|Any CPU
		{F4C445FD-EFDF-4403-AFE1-35F9ADE49EB1}.Release|x64.ActiveCfg = Release|Any CPU
		{F4C445FD-EFDF-4403-AFE1-35F9ADE49EB1}.Release|x64.Build.0 = Release|Any CPU
		{F4C445FD-EFDF-4403-AFE1-35F9ADE49EB1}.Release|x86.ActiveCfg = Release|Any CPU
		{F4C445FD-EFDF-4403-AFE1-35F9ADE49EB1}.Release|x86.Build.0 = Release|Any CPU
	EndGlobalSection
	GlobalSection(SolutionProperties) = preSolution
		HideSolutionNode = FALSE
	EndGlobalSection
	GlobalSection(ExtensibilityGlobals) = postSolution
		SolutionGuid = {7B7DC87B-F88F-4B3E-94E5-3FE99301CC77}
	EndGlobalSection
EndGlobal
